
Microsoft Visual Studio Solution File, Format Version 12.00
# Visual Studio Version 17
VisualStudioVersion = 17.7.34221.43
MinimumVisualStudioVersion = 10.0.40219.1
Project("{2150E333-8FDC-42A3-9474-1A3956D46DE8}") = "Core", "Core", "{C1585A83-1382-4EFA-8F29-774A45CE3BBE}"
EndProject
Project("{2150E333-8FDC-42A3-9474-1A3956D46DE8}") = "Infrastructure", "Infrastructure", "{33FAF95C-91EC-472F-BE32-217E5AB3E269}"
EndProject
Project("{2150E333-8FDC-42A3-9474-1A3956D46DE8}") = "Presentation", "Presentation", "{FD773987-A483-4F47-8219-77E5E5D37F76}"
EndProject
Project("{FAE04EC0-301F-11D3-BF4B-00C04F79EFBC}") = "FluentValidation.Domain", "Core\FluentValidation.Domain\FluentValidation.Domain.csproj", "{58CA2829-238F-4E59-8A42-0EF5114FAD79}"
EndProject
Project("{FAE04EC0-301F-11D3-BF4B-00C04F79EFBC}") = "FluentValidation.Infrastructure", "Infrastructure\FluentValidation.Infrastructure\FluentValidation.Infrastructure.csproj", "{ACF086A7-6DD6-4180-974D-364E4FEC630A}"
EndProject
Project("{FAE04EC0-301F-11D3-BF4B-00C04F79EFBC}") = "FluentValidation.Persistence", "Infrastructure\FluentValidation.Persistence\FluentValidation.Persistence.csproj", "{D9ACD914-D55F-48AD-A5BB-334B4E44AA5D}"
EndProject
Project("{FAE04EC0-301F-11D3-BF4B-00C04F79EFBC}") = "FluentValidation.API", "Presentation\FluentValidation.API\FluentValidation.API.csproj", "{F9E22086-7C32-4345-98AB-A61F29384AB5}"
EndProject
Global
	GlobalSection(SolutionConfigurationPlatforms) = preSolution
		Debug|Any CPU = Debug|Any CPU
		Release|Any CPU = Release|Any CPU
	EndGlobalSection
	GlobalSection(ProjectConfigurationPlatforms) = postSolution
		{58CA2829-238F-4E59-8A42-0EF5114FAD79}.Debug|Any CPU.ActiveCfg = Debug|Any CPU
		{58CA2829-238F-4E59-8A42-0EF5114FAD79}.Debug|Any CPU.Build.0 = Debug|Any CPU
		{58CA2829-238F-4E59-8A42-0EF5114FAD79}.Release|Any CPU.ActiveCfg = Release|Any CPU
		{58CA2829-238F-4E59-8A42-0EF5114FAD79}.Release|Any CPU.Build.0 = Release|Any CPU
		{ACF086A7-6DD6-4180-974D-364E4FEC630A}.Debug|Any CPU.ActiveCfg = Debug|Any CPU
		{ACF086A7-6DD6-4180-974D-364E4FEC630A}.Debug|Any CPU.Build.0 = Debug|Any CPU
		{ACF086A7-6DD6-4180-974D-364E4FEC630A}.Release|Any CPU.ActiveCfg = Release|Any CPU
		{ACF086A7-6DD6-4180-974D-364E4FEC630A}.Release|Any CPU.Build.0 = Release|Any CPU
		{D9ACD914-D55F-48AD-A5BB-334B4E44AA5D}.Debug|Any CPU.ActiveCfg = Debug|Any CPU
		{D9ACD914-D55F-48AD-A5BB-334B4E44AA5D}.Debug|Any CPU.Build.0 = Debug|Any CPU
		{D9ACD914-D55F-48AD-A5BB-334B4E44AA5D}.Release|Any CPU.ActiveCfg = Release|Any CPU
		{D9ACD914-D55F-48AD-A5BB-334B4E44AA5D}.Release|Any CPU.Build.0 = Release|Any CPU
		{F9E22086-7C32-4345-98AB-A61F29384AB5}.Debug|Any CPU.ActiveCfg = Debug|Any CPU
		{F9E22086-7C32-4345-98AB-A61F29384AB5}.Debug|Any CPU.Build.0 = Debug|Any CPU
		{F9E22086-7C32-4345-98AB-A61F29384AB5}.Release|Any CPU.ActiveCfg = Release|Any CPU
		{F9E22086-7C32-4345-98AB-A61F29384AB5}.Release|Any CPU.Build.0 = Release|Any CPU
	EndGlobalSection
	GlobalSection(SolutionProperties) = preSolution
		HideSolutionNode = FALSE
	EndGlobalSection
	GlobalSection(NestedProjects) = preSolution
		{58CA2829-238F-4E59-8A42-0EF5114FAD79} = {C1585A83-1382-4EFA-8F29-774A45CE3BBE}
		{ACF086A7-6DD6-4180-974D-364E4FEC630A} = {33FAF95C-91EC-472F-BE32-217E5AB3E269}
		{D9ACD914-D55F-48AD-A5BB-334B4E44AA5D} = {33FAF95C-91EC-472F-BE32-217E5AB3E269}
		{F9E22086-7C32-4345-98AB-A61F29384AB5} = {FD773987-A483-4F47-8219-77E5E5D37F76}
	EndGlobalSection
	GlobalSection(ExtensibilityGlobals) = postSolution
		SolutionGuid = {00CDA22A-E361-4813-9FF2-A7F2D3D3CDC2}
	EndGlobalSection
EndGlobal
